// !$*UTF8*$!
{
	archiveVersion = 1;
	classes = {
	};
	objectVersion = 55;
	objects = {

/* Begin PBXBuildFile section */
		551EFF5627DFECCF000783BD /* Tests_iOS.swift in Sources */ = {isa = PBXBuildFile; fileRef = 551EFF5527DFECCF000783BD /* Tests_iOS.swift */; };
		551EFF5827DFECCF000783BD /* Tests_iOSLaunchTests.swift in Sources */ = {isa = PBXBuildFile; fileRef = 551EFF5727DFECCF000783BD /* Tests_iOSLaunchTests.swift */; };
		551EFF6227DFECCF000783BD /* Tests_macOS.swift in Sources */ = {isa = PBXBuildFile; fileRef = 551EFF6127DFECCF000783BD /* Tests_macOS.swift */; };
		551EFF6427DFECCF000783BD /* Tests_macOSLaunchTests.swift in Sources */ = {isa = PBXBuildFile; fileRef = 551EFF6327DFECCF000783BD /* Tests_macOSLaunchTests.swift */; };
		551EFF6527DFECCF000783BD /* Cake_ListApp.swift in Sources */ = {isa = PBXBuildFile; fileRef = 551EFF3D27DFECCE000783BD /* Cake_ListApp.swift */; };
		551EFF6627DFECCF000783BD /* Cake_ListApp.swift in Sources */ = {isa = PBXBuildFile; fileRef = 551EFF3D27DFECCE000783BD /* Cake_ListApp.swift */; };
		551EFF6727DFECCF000783BD /* ContentView.swift in Sources */ = {isa = PBXBuildFile; fileRef = 551EFF3E27DFECCE000783BD /* ContentView.swift */; };
		551EFF6827DFECCF000783BD /* ContentView.swift in Sources */ = {isa = PBXBuildFile; fileRef = 551EFF3E27DFECCE000783BD /* ContentView.swift */; };
		551EFF6927DFECCF000783BD /* Assets.xcassets in Resources */ = {isa = PBXBuildFile; fileRef = 551EFF3F27DFECCF000783BD /* Assets.xcassets */; };
		551EFF6A27DFECCF000783BD /* Assets.xcassets in Resources */ = {isa = PBXBuildFile; fileRef = 551EFF3F27DFECCF000783BD /* Assets.xcassets */; };
		551EFF7A27DFED24000783BD /* CakeRowView.swift in Sources */ = {isa = PBXBuildFile; fileRef = 551EFF7927DFED24000783BD /* CakeRowView.swift */; };
		551EFF7B27DFED24000783BD /* CakeRowView.swift in Sources */ = {isa = PBXBuildFile; fileRef = 551EFF7927DFED24000783BD /* CakeRowView.swift */; };
		551EFF7D27DFED51000783BD /* Cake.swift in Sources */ = {isa = PBXBuildFile; fileRef = 551EFF7C27DFED51000783BD /* Cake.swift */; };
		551EFF7E27DFED51000783BD /* Cake.swift in Sources */ = {isa = PBXBuildFile; fileRef = 551EFF7C27DFED51000783BD /* Cake.swift */; };
		551EFF8027DFF1FB000783BD /* CakeListView.swift in Sources */ = {isa = PBXBuildFile; fileRef = 551EFF7F27DFF1FB000783BD /* CakeListView.swift */; };
		551EFF8127DFF1FB000783BD /* CakeListView.swift in Sources */ = {isa = PBXBuildFile; fileRef = 551EFF7F27DFF1FB000783BD /* CakeListView.swift */; };
		551EFF8527E0A47A000783BD /* DataController.swift in Sources */ = {isa = PBXBuildFile; fileRef = 551EFF8427E0A47A000783BD /* DataController.swift */; };
		551EFF8627E0A47A000783BD /* DataController.swift in Sources */ = {isa = PBXBuildFile; fileRef = 551EFF8427E0A47A000783BD /* DataController.swift */; };
		551EFF8827E0FA45000783BD /* CakeDetailView.swift in Sources */ = {isa = PBXBuildFile; fileRef = 551EFF8727E0FA45000783BD /* CakeDetailView.swift */; };
		551EFF8927E0FA45000783BD /* CakeDetailView.swift in Sources */ = {isa = PBXBuildFile; fileRef = 551EFF8727E0FA45000783BD /* CakeDetailView.swift */; };
/* End PBXBuildFile section */

/* Begin PBXContainerItemProxy section */
		551EFF5227DFECCF000783BD /* PBXContainerItemProxy */ = {
			isa = PBXContainerItemProxy;
			containerPortal = 551EFF3827DFECCE000783BD /* Project object */;
			proxyType = 1;
			remoteGlobalIDString = 551EFF4327DFECCF000783BD;
			remoteInfo = "Cake List (iOS)";
		};
		551EFF5E27DFECCF000783BD /* PBXContainerItemProxy */ = {
			isa = PBXContainerItemProxy;
			containerPortal = 551EFF3827DFECCE000783BD /* Project object */;
			proxyType = 1;
			remoteGlobalIDString = 551EFF4927DFECCF000783BD;
			remoteInfo = "Cake List (macOS)";
		};
/* End PBXContainerItemProxy section */

/* Begin PBXFileReference section */
		551EFF3D27DFECCE000783BD /* Cake_ListApp.swift */ = {isa = PBXFileReference; lastKnownFileType = sourcecode.swift; path = Cake_ListApp.swift; sourceTree = "<group>"; };
		551EFF3E27DFECCE000783BD /* ContentView.swift */ = {isa = PBXFileReference; lastKnownFileType = sourcecode.swift; path = ContentView.swift; sourceTree = "<group>"; };
		551EFF3F27DFECCF000783BD /* Assets.xcassets */ = {isa = PBXFileReference; lastKnownFileType = folder.assetcatalog; path = Assets.xcassets; sourceTree = "<group>"; };
		551EFF4427DFECCF000783BD /* Cake List.app */ = {isa = PBXFileReference; explicitFileType = wrapper.application; includeInIndex = 0; path = "Cake List.app"; sourceTree = BUILT_PRODUCTS_DIR; };
		551EFF4A27DFECCF000783BD /* Cake List.app */ = {isa = PBXFileReference; explicitFileType = wrapper.application; includeInIndex = 0; path = "Cake List.app"; sourceTree = BUILT_PRODUCTS_DIR; };
		551EFF4C27DFECCF000783BD /* macOS.entitlements */ = {isa = PBXFileReference; lastKnownFileType = text.plist.entitlements; path = macOS.entitlements; sourceTree = "<group>"; };
		551EFF5127DFECCF000783BD /* Tests iOS.xctest */ = {isa = PBXFileReference; explicitFileType = wrapper.cfbundle; includeInIndex = 0; path = "Tests iOS.xctest"; sourceTree = BUILT_PRODUCTS_DIR; };
		551EFF5527DFECCF000783BD /* Tests_iOS.swift */ = {isa = PBXFileReference; lastKnownFileType = sourcecode.swift; path = Tests_iOS.swift; sourceTree = "<group>"; };
		551EFF5727DFECCF000783BD /* Tests_iOSLaunchTests.swift */ = {isa = PBXFileReference; lastKnownFileType = sourcecode.swift; path = Tests_iOSLaunchTests.swift; sourceTree = "<group>"; };
		551EFF5D27DFECCF000783BD /* Tests macOS.xctest */ = {isa = PBXFileReference; explicitFileType = wrapper.cfbundle; includeInIndex = 0; path = "Tests macOS.xctest"; sourceTree = BUILT_PRODUCTS_DIR; };
		551EFF6127DFECCF000783BD /* Tests_macOS.swift */ = {isa = PBXFileReference; lastKnownFileType = sourcecode.swift; path = Tests_macOS.swift; sourceTree = "<group>"; };
		551EFF6327DFECCF000783BD /* Tests_macOSLaunchTests.swift */ = {isa = PBXFileReference; lastKnownFileType = sourcecode.swift; path = Tests_macOSLaunchTests.swift; sourceTree = "<group>"; };
		551EFF7927DFED24000783BD /* CakeRowView.swift */ = {isa = PBXFileReference; lastKnownFileType = sourcecode.swift; path = CakeRowView.swift; sourceTree = "<group>"; };
		551EFF7C27DFED51000783BD /* Cake.swift */ = {isa = PBXFileReference; lastKnownFileType = sourcecode.swift; path = Cake.swift; sourceTree = "<group>"; };
		551EFF7F27DFF1FB000783BD /* CakeListView.swift */ = {isa = PBXFileReference; lastKnownFileType = sourcecode.swift; path = CakeListView.swift; sourceTree = "<group>"; };
		551EFF8427E0A47A000783BD /* DataController.swift */ = {isa = PBXFileReference; lastKnownFileType = sourcecode.swift; path = DataController.swift; sourceTree = "<group>"; };
		551EFF8727E0FA45000783BD /* CakeDetailView.swift */ = {isa = PBXFileReference; lastKnownFileType = sourcecode.swift; path = CakeDetailView.swift; sourceTree = "<group>"; };
/* End PBXFileReference section */

/* Begin PBXFrameworksBuildPhase section */
		551EFF4127DFECCF000783BD /* Frameworks */ = {
			isa = PBXFrameworksBuildPhase;
			buildActionMask = 2147483647;
			files = (
			);
			runOnlyForDeploymentPostprocessing = 0;
		};
		551EFF4727DFECCF000783BD /* Frameworks */ = {
			isa = PBXFrameworksBuildPhase;
			buildActionMask = 2147483647;
			files = (
			);
			runOnlyForDeploymentPostprocessing = 0;
		};
		551EFF4E27DFECCF000783BD /* Frameworks */ = {
			isa = PBXFrameworksBuildPhase;
			buildActionMask = 2147483647;
			files = (
			);
			runOnlyForDeploymentPostprocessing = 0;
		};
		551EFF5A27DFECCF000783BD /* Frameworks */ = {
			isa = PBXFrameworksBuildPhase;
			buildActionMask = 2147483647;
			files = (
			);
			runOnlyForDeploymentPostprocessing = 0;
		};
/* End PBXFrameworksBuildPhase section */

/* Begin PBXGroup section */
		551EFF3727DFECCE000783BD = {
			isa = PBXGroup;
			children = (
				551EFF3C27DFECCE000783BD /* Shared */,
				551EFF4B27DFECCF000783BD /* macOS */,
				551EFF5427DFECCF000783BD /* Tests iOS */,
				551EFF6027DFECCF000783BD /* Tests macOS */,
				551EFF4527DFECCF000783BD /* Products */,
			);
			sourceTree = "<group>";
		};
		551EFF3C27DFECCE000783BD /* Shared */ = {
			isa = PBXGroup;
			children = (
				551EFF3F27DFECCF000783BD /* Assets.xcassets */,
				551EFF3D27DFECCE000783BD /* Cake_ListApp.swift */,
				551EFF8227E0A45A000783BD /* Views */,
				551EFF8327E0A46A000783BD /* Data */,
			);
			path = Shared;
			sourceTree = "<group>";
		};
		551EFF4527DFECCF000783BD /* Products */ = {
			isa = PBXGroup;
			children = (
				551EFF4427DFECCF000783BD /* Cake List.app */,
				551EFF4A27DFECCF000783BD /* Cake List.app */,
				551EFF5127DFECCF000783BD /* Tests iOS.xctest */,
				551EFF5D27DFECCF000783BD /* Tests macOS.xctest */,
			);
			name = Products;
			sourceTree = "<group>";
		};
		551EFF4B27DFECCF000783BD /* macOS */ = {
			isa = PBXGroup;
			children = (
				551EFF4C27DFECCF000783BD /* macOS.entitlements */,
			);
			path = macOS;
			sourceTree = "<group>";
		};
		551EFF5427DFECCF000783BD /* Tests iOS */ = {
			isa = PBXGroup;
			children = (
				551EFF5527DFECCF000783BD /* Tests_iOS.swift */,
				551EFF5727DFECCF000783BD /* Tests_iOSLaunchTests.swift */,
			);
			path = "Tests iOS";
			sourceTree = "<group>";
		};
		551EFF6027DFECCF000783BD /* Tests macOS */ = {
			isa = PBXGroup;
			children = (
				551EFF6127DFECCF000783BD /* Tests_macOS.swift */,
				551EFF6327DFECCF000783BD /* Tests_macOSLaunchTests.swift */,
			);
			path = "Tests macOS";
			sourceTree = "<group>";
		};
		551EFF8227E0A45A000783BD /* Views */ = {
			isa = PBXGroup;
			children = (
				551EFF3E27DFECCE000783BD /* ContentView.swift */,
				551EFF7927DFED24000783BD /* CakeRowView.swift */,
				551EFF7F27DFF1FB000783BD /* CakeListView.swift */,
				551EFF8727E0FA45000783BD /* CakeDetailView.swift */,
			);
			path = Views;
			sourceTree = "<group>";
		};
		551EFF8327E0A46A000783BD /* Data */ = {
			isa = PBXGroup;
			children = (
				551EFF7C27DFED51000783BD /* Cake.swift */,
				551EFF8427E0A47A000783BD /* DataController.swift */,
			);
			path = Data;
			sourceTree = "<group>";
		};
/* End PBXGroup section */

/* Begin PBXNativeTarget section */
		551EFF4327DFECCF000783BD /* Cake List (iOS) */ = {
			isa = PBXNativeTarget;
			buildConfigurationList = 551EFF6D27DFECCF000783BD /* Build configuration list for PBXNativeTarget "Cake List (iOS)" */;
			buildPhases = (
				551EFF4027DFECCF000783BD /* Sources */,
				551EFF4127DFECCF000783BD /* Frameworks */,
				551EFF4227DFECCF000783BD /* Resources */,
			);
			buildRules = (
			);
			dependencies = (
			);
			name = "Cake List (iOS)";
			productName = "Cake List (iOS)";
			productReference = 551EFF4427DFECCF000783BD /* Cake List.app */;
			productType = "com.apple.product-type.application";
		};
		551EFF4927DFECCF000783BD /* Cake List (macOS) */ = {
			isa = PBXNativeTarget;
			buildConfigurationList = 551EFF7027DFECCF000783BD /* Build configuration list for PBXNativeTarget "Cake List (macOS)" */;
			buildPhases = (
				551EFF4627DFECCF000783BD /* Sources */,
				551EFF4727DFECCF000783BD /* Frameworks */,
				551EFF4827DFECCF000783BD /* Resources */,
			);
			buildRules = (
			);
			dependencies = (
			);
			name = "Cake List (macOS)";
			productName = "Cake List (macOS)";
			productReference = 551EFF4A27DFECCF000783BD /* Cake List.app */;
			productType = "com.apple.product-type.application";
		};
		551EFF5027DFECCF000783BD /* Tests iOS */ = {
			isa = PBXNativeTarget;
			buildConfigurationList = 551EFF7327DFECCF000783BD /* Build configuration list for PBXNativeTarget "Tests iOS" */;
			buildPhases = (
				551EFF4D27DFECCF000783BD /* Sources */,
				551EFF4E27DFECCF000783BD /* Frameworks */,
				551EFF4F27DFECCF000783BD /* Resources */,
			);
			buildRules = (
			);
			dependencies = (
				551EFF5327DFECCF000783BD /* PBXTargetDependency */,
			);
			name = "Tests iOS";
			productName = "Tests iOS";
			productReference = 551EFF5127DFECCF000783BD /* Tests iOS.xctest */;
			productType = "com.apple.product-type.bundle.ui-testing";
		};
		551EFF5C27DFECCF000783BD /* Tests macOS */ = {
			isa = PBXNativeTarget;
			buildConfigurationList = 551EFF7627DFECCF000783BD /* Build configuration list for PBXNativeTarget "Tests macOS" */;
			buildPhases = (
				551EFF5927DFECCF000783BD /* Sources */,
				551EFF5A27DFECCF000783BD /* Frameworks */,
				551EFF5B27DFECCF000783BD /* Resources */,
			);
			buildRules = (
			);
			dependencies = (
				551EFF5F27DFECCF000783BD /* PBXTargetDependency */,
			);
			name = "Tests macOS";
			productName = "Tests macOS";
			productReference = 551EFF5D27DFECCF000783BD /* Tests macOS.xctest */;
			productType = "com.apple.product-type.bundle.ui-testing";
		};
/* End PBXNativeTarget section */

/* Begin PBXProject section */
		551EFF3827DFECCE000783BD /* Project object */ = {
			isa = PBXProject;
			attributes = {
				BuildIndependentTargetsInParallel = 1;
				LastSwiftUpdateCheck = 1320;
				LastUpgradeCheck = 1320;
				TargetAttributes = {
					551EFF4327DFECCF000783BD = {
						CreatedOnToolsVersion = 13.2;
					};
					551EFF4927DFECCF000783BD = {
						CreatedOnToolsVersion = 13.2;
					};
					551EFF5027DFECCF000783BD = {
						CreatedOnToolsVersion = 13.2;
						TestTargetID = 551EFF4327DFECCF000783BD;
					};
					551EFF5C27DFECCF000783BD = {
						CreatedOnToolsVersion = 13.2;
						TestTargetID = 551EFF4927DFECCF000783BD;
					};
				};
			};
			buildConfigurationList = 551EFF3B27DFECCE000783BD /* Build configuration list for PBXProject "Cake List" */;
			compatibilityVersion = "Xcode 13.0";
			developmentRegion = en;
			hasScannedForEncodings = 0;
			knownRegions = (
				en,
				Base,
			);
			mainGroup = 551EFF3727DFECCE000783BD;
			productRefGroup = 551EFF4527DFECCF000783BD /* Products */;
			projectDirPath = "";
			projectRoot = "";
			targets = (
				551EFF4327DFECCF000783BD /* Cake List (iOS) */,
				551EFF4927DFECCF000783BD /* Cake List (macOS) */,
				551EFF5027DFECCF000783BD /* Tests iOS */,
				551EFF5C27DFECCF000783BD /* Tests macOS */,
			);
		};
/* End PBXProject section */

/* Begin PBXResourcesBuildPhase section */
		551EFF4227DFECCF000783BD /* Resources */ = {
			isa = PBXResourcesBuildPhase;
			buildActionMask = 2147483647;
			files = (
				551EFF6927DFECCF000783BD /* Assets.xcassets in Resources */,
			);
			runOnlyForDeploymentPostprocessing = 0;
		};
		551EFF4827DFECCF000783BD /* Resources */ = {
			isa = PBXResourcesBuildPhase;
			buildActionMask = 2147483647;
			files = (
				551EFF6A27DFECCF000783BD /* Assets.xcassets in Resources */,
			);
			runOnlyForDeploymentPostprocessing = 0;
		};
		551EFF4F27DFECCF000783BD /* Resources */ = {
			isa = PBXResourcesBuildPhase;
			buildActionMask = 2147483647;
			files = (
			);
			runOnlyForDeploymentPostprocessing = 0;
		};
		551EFF5B27DFECCF000783BD /* Resources */ = {
			isa = PBXResourcesBuildPhase;
			buildActionMask = 2147483647;
			files = (
			);
			runOnlyForDeploymentPostprocessing = 0;
		};
/* End PBXResourcesBuildPhase section */

/* Begin PBXSourcesBuildPhase section */
		551EFF4027DFECCF000783BD /* Sources */ = {
			isa = PBXSourcesBuildPhase;
			buildActionMask = 2147483647;
			files = (
				551EFF6727DFECCF000783BD /* ContentView.swift in Sources */,
				551EFF8527E0A47A000783BD /* DataController.swift in Sources */,
				551EFF7D27DFED51000783BD /* Cake.swift in Sources */,
				551EFF8027DFF1FB000783BD /* CakeListView.swift in Sources */,
				551EFF8827E0FA45000783BD /* CakeDetailView.swift in Sources */,
				551EFF6527DFECCF000783BD /* Cake_ListApp.swift in Sources */,
				551EFF7A27DFED24000783BD /* CakeRowView.swift in Sources */,
			);
			runOnlyForDeploymentPostprocessing = 0;
		};
		551EFF4627DFECCF000783BD /* Sources */ = {
			isa = PBXSourcesBuildPhase;
			buildActionMask = 2147483647;
			files = (
				551EFF6827DFECCF000783BD /* ContentView.swift in Sources */,
				551EFF8627E0A47A000783BD /* DataController.swift in Sources */,
				551EFF7E27DFED51000783BD /* Cake.swift in Sources */,
				551EFF8127DFF1FB000783BD /* CakeListView.swift in Sources */,
				551EFF8927E0FA45000783BD /* CakeDetailView.swift in Sources */,
				551EFF6627DFECCF000783BD /* Cake_ListApp.swift in Sources */,
				551EFF7B27DFED24000783BD /* CakeRowView.swift in Sources */,
			);
			runOnlyForDeploymentPostprocessing = 0;
		};
		551EFF4D27DFECCF000783BD /* Sources */ = {
			isa = PBXSourcesBuildPhase;
			buildActionMask = 2147483647;
			files = (
				551EFF5827DFECCF000783BD /* Tests_iOSLaunchTests.swift in Sources */,
				551EFF5627DFECCF000783BD /* Tests_iOS.swift in Sources */,
			);
			runOnlyForDeploymentPostprocessing = 0;
		};
		551EFF5927DFECCF000783BD /* Sources */ = {
			isa = PBXSourcesBuildPhase;
			buildActionMask = 2147483647;
			files = (
				551EFF6427DFECCF000783BD /* Tests_macOSLaunchTests.swift in Sources */,
				551EFF6227DFECCF000783BD /* Tests_macOS.swift in Sources */,
			);
			runOnlyForDeploymentPostprocessing = 0;
		};
/* End PBXSourcesBuildPhase section */

/* Begin PBXTargetDependency section */
		551EFF5327DFECCF000783BD /* PBXTargetDependency */ = {
			isa = PBXTargetDependency;
			target = 551EFF4327DFECCF000783BD /* Cake List (iOS) */;
			targetProxy = 551EFF5227DFECCF000783BD /* PBXContainerItemProxy */;
		};
		551EFF5F27DFECCF000783BD /* PBXTargetDependency */ = {
			isa = PBXTargetDependency;
			target = 551EFF4927DFECCF000783BD /* Cake List (macOS) */;
			targetProxy = 551EFF5E27DFECCF000783BD /* PBXContainerItemProxy */;
		};
/* End PBXTargetDependency section */

/* Begin XCBuildConfiguration section */
		551EFF6B27DFECCF000783BD /* Debug */ = {
			isa = XCBuildConfiguration;
			buildSettings = {
				ALWAYS_SEARCH_USER_PATHS = NO;
				CLANG_ANALYZER_NONNULL = YES;
				CLANG_ANALYZER_NUMBER_OBJECT_CONVERSION = YES_AGGRESSIVE;
				CLANG_CXX_LANGUAGE_STANDARD = "gnu++17";
				CLANG_CXX_LIBRARY = "libc++";
				CLANG_ENABLE_MODULES = YES;
				CLANG_ENABLE_OBJC_ARC = YES;
				CLANG_ENABLE_OBJC_WEAK = YES;
				CLANG_WARN_BLOCK_CAPTURE_AUTORELEASING = YES;
				CLANG_WARN_BOOL_CONVERSION = YES;
				CLANG_WARN_COMMA = YES;
				CLANG_WARN_CONSTANT_CONVERSION = YES;
				CLANG_WARN_DEPRECATED_OBJC_IMPLEMENTATIONS = YES;
				CLANG_WARN_DIRECT_OBJC_ISA_USAGE = YES_ERROR;
				CLANG_WARN_DOCUMENTATION_COMMENTS = YES;
				CLANG_WARN_EMPTY_BODY = YES;
				CLANG_WARN_ENUM_CONVERSION = YES;
				CLANG_WARN_INFINITE_RECURSION = YES;
				CLANG_WARN_INT_CONVERSION = YES;
				CLANG_WARN_NON_LITERAL_NULL_CONVERSION = YES;
				CLANG_WARN_OBJC_IMPLICIT_RETAIN_SELF = YES;
				CLANG_WARN_OBJC_LITERAL_CONVERSION = YES;
				CLANG_WARN_OBJC_ROOT_CLASS = YES_ERROR;
				CLANG_WARN_QUOTED_INCLUDE_IN_FRAMEWORK_HEADER = YES;
				CLANG_WARN_RANGE_LOOP_ANALYSIS = YES;
				CLANG_WARN_STRICT_PROTOTYPES = YES;
				CLANG_WARN_SUSPICIOUS_MOVE = YES;
				CLANG_WARN_UNGUARDED_AVAILABILITY = YES_AGGRESSIVE;
				CLANG_WARN_UNREACHABLE_CODE = YES;
				CLANG_WARN__DUPLICATE_METHOD_MATCH = YES;
				COPY_PHASE_STRIP = NO;
				DEBUG_INFORMATION_FORMAT = dwarf;
				ENABLE_STRICT_OBJC_MSGSEND = YES;
				ENABLE_TESTABILITY = YES;
				GCC_C_LANGUAGE_STANDARD = gnu11;
				GCC_DYNAMIC_NO_PIC = NO;
				GCC_NO_COMMON_BLOCKS = YES;
				GCC_OPTIMIZATION_LEVEL = 0;
				GCC_PREPROCESSOR_DEFINITIONS = (
					"DEBUG=1",
					"$(inherited)",
				);
				GCC_WARN_64_TO_32_BIT_CONVERSION = YES;
				GCC_WARN_ABOUT_RETURN_TYPE = YES_ERROR;
				GCC_WARN_UNDECLARED_SELECTOR = YES;
				GCC_WARN_UNINITIALIZED_AUTOS = YES_AGGRESSIVE;
				GCC_WARN_UNUSED_FUNCTION = YES;
				GCC_WARN_UNUSED_VARIABLE = YES;
				MTL_ENABLE_DEBUG_INFO = INCLUDE_SOURCE;
				MTL_FAST_MATH = YES;
				ONLY_ACTIVE_ARCH = YES;
				SWIFT_ACTIVE_COMPILATION_CONDITIONS = DEBUG;
				SWIFT_OPTIMIZATION_LEVEL = "-Onone";
			};
			name = Debug;
		};
		551EFF6C27DFECCF000783BD /* Release */ = {
			isa = XCBuildConfiguration;
			buildSettings = {
				ALWAYS_SEARCH_USER_PATHS = NO;
				CLANG_ANALYZER_NONNULL = YES;
				CLANG_ANALYZER_NUMBER_OBJECT_CONVERSION = YES_AGGRESSIVE;
				CLANG_CXX_LANGUAGE_STANDARD = "gnu++17";
				CLANG_CXX_LIBRARY = "libc++";
				CLANG_ENABLE_MODULES = YES;
				CLANG_ENABLE_OBJC_ARC = YES;
				CLANG_ENABLE_OBJC_WEAK = YES;
				CLANG_WARN_BLOCK_CAPTURE_AUTORELEASING = YES;
				CLANG_WARN_BOOL_CONVERSION = YES;
				CLANG_WARN_COMMA = YES;
				CLANG_WARN_CONSTANT_CONVERSION = YES;
				CLANG_WARN_DEPRECATED_OBJC_IMPLEMENTATIONS = YES;
				CLANG_WARN_DIRECT_OBJC_ISA_USAGE = YES_ERROR;
				CLANG_WARN_DOCUMENTATION_COMMENTS = YES;
				CLANG_WARN_EMPTY_BODY = YES;
				CLANG_WARN_ENUM_CONVERSION = YES;
				CLANG_WARN_INFINITE_RECURSION = YES;
				CLANG_WARN_INT_CONVERSION = YES;
				CLANG_WARN_NON_LITERAL_NULL_CONVERSION = YES;
				CLANG_WARN_OBJC_IMPLICIT_RETAIN_SELF = YES;
				CLANG_WARN_OBJC_LITERAL_CONVERSION = YES;
				CLANG_WARN_OBJC_ROOT_CLASS = YES_ERROR;
				CLANG_WARN_QUOTED_INCLUDE_IN_FRAMEWORK_HEADER = YES;
				CLANG_WARN_RANGE_LOOP_ANALYSIS = YES;
				CLANG_WARN_STRICT_PROTOTYPES = YES;
				CLANG_WARN_SUSPICIOUS_MOVE = YES;
				CLANG_WARN_UNGUARDED_AVAILABILITY = YES_AGGRESSIVE;
				CLANG_WARN_UNREACHABLE_CODE = YES;
				CLANG_WARN__DUPLICATE_METHOD_MATCH = YES;
				COPY_PHASE_STRIP = NO;
				DEBUG_INFORMATION_FORMAT = "dwarf-with-dsym";
				ENABLE_NS_ASSERTIONS = NO;
				ENABLE_STRICT_OBJC_MSGSEND = YES;
				GCC_C_LANGUAGE_STANDARD = gnu11;
				GCC_NO_COMMON_BLOCKS = YES;
				GCC_WARN_64_TO_32_BIT_CONVERSION = YES;
				GCC_WARN_ABOUT_RETURN_TYPE = YES_ERROR;
				GCC_WARN_UNDECLARED_SELECTOR = YES;
				GCC_WARN_UNINITIALIZED_AUTOS = YES_AGGRESSIVE;
				GCC_WARN_UNUSED_FUNCTION = YES;
				GCC_WARN_UNUSED_VARIABLE = YES;
				MTL_ENABLE_DEBUG_INFO = NO;
				MTL_FAST_MATH = YES;
				SWIFT_COMPILATION_MODE = wholemodule;
				SWIFT_OPTIMIZATION_LEVEL = "-O";
			};
			name = Release;
		};
		551EFF6E27DFECCF000783BD /* Debug */ = {
			isa = XCBuildConfiguration;
			buildSettings = {
				ASSETCATALOG_COMPILER_APPICON_NAME = AppIcon;
				ASSETCATALOG_COMPILER_GLOBAL_ACCENT_COLOR_NAME = AccentColor;
				CODE_SIGN_STYLE = Automatic;
				CURRENT_PROJECT_VERSION = 1;
				DEVELOPMENT_TEAM = 5D7DMNG452;
				ENABLE_PREVIEWS = YES;
				GENERATE_INFOPLIST_FILE = YES;
				INFOPLIST_KEY_UIApplicationSceneManifest_Generation = YES;
				INFOPLIST_KEY_UIApplicationSupportsIndirectInputEvents = YES;
				INFOPLIST_KEY_UILaunchScreen_Generation = YES;
				INFOPLIST_KEY_UISupportedInterfaceOrientations_iPad = "UIInterfaceOrientationPortrait UIInterfaceOrientationPortraitUpsideDown UIInterfaceOrientationLandscapeLeft UIInterfaceOrientationLandscapeRight";
				INFOPLIST_KEY_UISupportedInterfaceOrientations_iPhone = "UIInterfaceOrientationPortrait UIInterfaceOrientationLandscapeLeft UIInterfaceOrientationLandscapeRight";
				IPHONEOS_DEPLOYMENT_TARGET = 15.2;
				LD_RUNPATH_SEARCH_PATHS = (
					"$(inherited)",
					"@executable_path/Frameworks",
				);
				MARKETING_VERSION = 1.0;
				PRODUCT_BUNDLE_IDENTIFIER = "dev.daveellis.Cake-List";
				PRODUCT_NAME = "Cake List";
				SDKROOT = iphoneos;
				SWIFT_EMIT_LOC_STRINGS = YES;
				SWIFT_VERSION = 5.0;
				TARGETED_DEVICE_FAMILY = "1,2";
			};
			name = Debug;
		};
		551EFF6F27DFECCF000783BD /* Release */ = {
			isa = XCBuildConfiguration;
			buildSettings = {
				ASSETCATALOG_COMPILER_APPICON_NAME = AppIcon;
				ASSETCATALOG_COMPILER_GLOBAL_ACCENT_COLOR_NAME = AccentColor;
				CODE_SIGN_STYLE = Automatic;
				CURRENT_PROJECT_VERSION = 1;
				DEVELOPMENT_TEAM = 5D7DMNG452;
				ENABLE_PREVIEWS = YES;
				GENERATE_INFOPLIST_FILE = YES;
				INFOPLIST_KEY_UIApplicationSceneManifest_Generation = YES;
				INFOPLIST_KEY_UIApplicationSupportsIndirectInputEvents = YES;
				INFOPLIST_KEY_UILaunchScreen_Generation = YES;
				INFOPLIST_KEY_UISupportedInterfaceOrientations_iPad = "UIInterfaceOrientationPortrait UIInterfaceOrientationPortraitUpsideDown UIInterfaceOrientationLandscapeLeft UIInterfaceOrientationLandscapeRight";
				INFOPLIST_KEY_UISupportedInterfaceOrientations_iPhone = "UIInterfaceOrientationPortrait UIInterfaceOrientationLandscapeLeft UIInterfaceOrientationLandscapeRight";
				IPHONEOS_DEPLOYMENT_TARGET = 15.2;
				LD_RUNPATH_SEARCH_PATHS = (
					"$(inherited)",
					"@executable_path/Frameworks",
				);
				MARKETING_VERSION = 1.0;
				PRODUCT_BUNDLE_IDENTIFIER = "dev.daveellis.Cake-List";
				PRODUCT_NAME = "Cake List";
				SDKROOT = iphoneos;
				SWIFT_EMIT_LOC_STRINGS = YES;
				SWIFT_VERSION = 5.0;
				TARGETED_DEVICE_FAMILY = "1,2";
				VALIDATE_PRODUCT = YES;
			};
			name = Release;
		};
		551EFF7127DFECCF000783BD /* Debug */ = {
			isa = XCBuildConfiguration;
			buildSettings = {
				ASSETCATALOG_COMPILER_APPICON_NAME = AppIcon;
				ASSETCATALOG_COMPILER_GLOBAL_ACCENT_COLOR_NAME = AccentColor;
				CODE_SIGN_ENTITLEMENTS = macOS/macOS.entitlements;
				CODE_SIGN_STYLE = Automatic;
				COMBINE_HIDPI_IMAGES = YES;
				CURRENT_PROJECT_VERSION = 1;
				DEVELOPMENT_TEAM = 5D7DMNG452;
				ENABLE_HARDENED_RUNTIME = YES;
				ENABLE_PREVIEWS = YES;
				GENERATE_INFOPLIST_FILE = YES;
				INFOPLIST_KEY_NSHumanReadableCopyright = "";
				LD_RUNPATH_SEARCH_PATHS = (
					"$(inherited)",
					"@executable_path/../Frameworks",
				);
				MACOSX_DEPLOYMENT_TARGET = 12.1;
				MARKETING_VERSION = 1.0;
				PRODUCT_BUNDLE_IDENTIFIER = "dev.daveellis.Cake-List";
				PRODUCT_NAME = "Cake List";
				SDKROOT = macosx;
				SWIFT_EMIT_LOC_STRINGS = YES;
				SWIFT_VERSION = 5.0;
			};
			name = Debug;
		};
		551EFF7227DFECCF000783BD /* Release */ = {
			isa = XCBuildConfiguration;
			buildSettings = {
				ASSETCATALOG_COMPILER_APPICON_NAME = AppIcon;
				ASSETCATALOG_COMPILER_GLOBAL_ACCENT_COLOR_NAME = AccentColor;
				CODE_SIGN_ENTITLEMENTS = macOS/macOS.entitlements;
				CODE_SIGN_STYLE = Automatic;
				COMBINE_HIDPI_IMAGES = YES;
				CURRENT_PROJECT_VERSION = 1;
				DEVELOPMENT_TEAM = 5D7DMNG452;
				ENABLE_HARDENED_RUNTIME = YES;
				ENABLE_PREVIEWS = YES;
				GENERATE_INFOPLIST_FILE = YES;
				INFOPLIST_KEY_NSHumanReadableCopyright = "";
				LD_RUNPATH_SEARCH_PATHS = (
					"$(inherited)",
					"@executable_path/../Frameworks",
				);
				MACOSX_DEPLOYMENT_TARGET = 12.1;
				MARKETING_VERSION = 1.0;
				PRODUCT_BUNDLE_IDENTIFIER = "dev.daveellis.Cake-List";
				PRODUCT_NAME = "Cake List";
				SDKROOT = macosx;
				SWIFT_EMIT_LOC_STRINGS = YES;
				SWIFT_VERSION = 5.0;
			};
			name = Release;
		};
		551EFF7427DFECCF000783BD /* Debug */ = {
			isa = XCBuildConfiguration;
			buildSettings = {
				ALWAYS_EMBED_SWIFT_STANDARD_LIBRARIES = YES;
				CODE_SIGN_STYLE = Automatic;
				CURRENT_PROJECT_VERSION = 1;
				DEVELOPMENT_TEAM = 5D7DMNG452;
				GENERATE_INFOPLIST_FILE = YES;
				IPHONEOS_DEPLOYMENT_TARGET = 15.2;
				MARKETING_VERSION = 1.0;
				PRODUCT_BUNDLE_IDENTIFIER = "dev.daveellis.Tests-iOS";
				PRODUCT_NAME = "$(TARGET_NAME)";
				SDKROOT = iphoneos;
				SWIFT_EMIT_LOC_STRINGS = NO;
				SWIFT_VERSION = 5.0;
				TARGETED_DEVICE_FAMILY = "1,2";
				TEST_TARGET_NAME = "Cake List (iOS)";
			};
			name = Debug;
		};
		551EFF7527DFECCF000783BD /* Release */ = {
			isa = XCBuildConfiguration;
			buildSettings = {
				ALWAYS_EMBED_SWIFT_STANDARD_LIBRARIES = YES;
				CODE_SIGN_STYLE = Automatic;
				CURRENT_PROJECT_VERSION = 1;
				DEVELOPMENT_TEAM = 5D7DMNG452;
				GENERATE_INFOPLIST_FILE = YES;
				IPHONEOS_DEPLOYMENT_TARGET = 15.2;
				MARKETING_VERSION = 1.0;
				PRODUCT_BUNDLE_IDENTIFIER = "dev.daveellis.Tests-iOS";
				PRODUCT_NAME = "$(TARGET_NAME)";
				SDKROOT = iphoneos;
				SWIFT_EMIT_LOC_STRINGS = NO;
				SWIFT_VERSION = 5.0;
				TARGETED_DEVICE_FAMILY = "1,2";
				TEST_TARGET_NAME = "Cake List (iOS)";
				VALIDATE_PRODUCT = YES;
			};
			name = Release;
		};
		551EFF7727DFECCF000783BD /* Debug */ = {
			isa = XCBuildConfiguration;
			buildSettings = {
				ALWAYS_EMBED_SWIFT_STANDARD_LIBRARIES = YES;
				CODE_SIGN_STYLE = Automatic;
				CURRENT_PROJECT_VERSION = 1;
				DEVELOPMENT_TEAM = 5D7DMNG452;
				GENERATE_INFOPLIST_FILE = YES;
				MACOSX_DEPLOYMENT_TARGET = 12.1;
				MARKETING_VERSION = 1.0;
				PRODUCT_BUNDLE_IDENTIFIER = "dev.daveellis.Tests-macOS";
				PRODUCT_NAME = "$(TARGET_NAME)";
				SDKROOT = macosx;
				SWIFT_EMIT_LOC_STRINGS = NO;
				SWIFT_VERSION = 5.0;
				TEST_TARGET_NAME = "Cake List (macOS)";
			};
			name = Debug;
		};
		551EFF7827DFECCF000783BD /* Release */ = {
			isa = XCBuildConfiguration;
			buildSettings = {
				ALWAYS_EMBED_SWIFT_STANDARD_LIBRARIES = YES;
				CODE_SIGN_STYLE = Automatic;
				CURRENT_PROJECT_VERSION = 1;
				DEVELOPMENT_TEAM = 5D7DMNG452;
				GENERATE_INFOPLIST_FILE = YES;
				MACOSX_DEPLOYMENT_TARGET = 12.1;
				MARKETING_VERSION = 1.0;
				PRODUCT_BUNDLE_IDENTIFIER = "dev.daveellis.Tests-macOS";
				PRODUCT_NAME = "$(TARGET_NAME)";
				SDKROOT = macosx;
				SWIFT_EMIT_LOC_STRINGS = NO;
				SWIFT_VERSION = 5.0;
				TEST_TARGET_NAME = "Cake List (macOS)";
			};
			name = Release;
		};
/* End XCBuildConfiguration section */

/* Begin XCConfigurationList section */
		551EFF3B27DFECCE000783BD /* Build configuration list for PBXProject "Cake List" */ = {
			isa = XCConfigurationList;
			buildConfigurations = (
				551EFF6B27DFECCF000783BD /* Debug */,
				551EFF6C27DFECCF000783BD /* Release */,
			);
			defaultConfigurationIsVisible = 0;
			defaultConfigurationName = Release;
		};
		551EFF6D27DFECCF000783BD /* Build configuration list for PBXNativeTarget "Cake List (iOS)" */ = {
			isa = XCConfigurationList;
			buildConfigurations = (
				551EFF6E27DFECCF000783BD /* Debug */,
				551EFF6F27DFECCF000783BD /* Release */,
			);
			defaultConfigurationIsVisible = 0;
			defaultConfigurationName = Release;
		};
		551EFF7027DFECCF000783BD /* Build configuration list for PBXNativeTarget "Cake List (macOS)" */ = {
			isa = XCConfigurationList;
			buildConfigurations = (
				551EFF7127DFECCF000783BD /* Debug */,
				551EFF7227DFECCF000783BD /* Release */,
			);
			defaultConfigurationIsVisible = 0;
			defaultConfigurationName = Release;
		};
		551EFF7327DFECCF000783BD /* Build configuration list for PBXNativeTarget "Tests iOS" */ = {
			isa = XCConfigurationList;
			buildConfigurations = (
				551EFF7427DFECCF000783BD /* Debug */,
				551EFF7527DFECCF000783BD /* Release */,
			);
			defaultConfigurationIsVisible = 0;
			defaultConfigurationName = Release;
		};
		551EFF7627DFECCF000783BD /* Build configuration list for PBXNativeTarget "Tests macOS" */ = {
			isa = XCConfigurationList;
			buildConfigurations = (
				551EFF7727DFECCF000783BD /* Debug */,
				551EFF7827DFECCF000783BD /* Release */,
			);
			defaultConfigurationIsVisible = 0;
			defaultConfigurationName = Release;
		};
/* End XCConfigurationList section */
	};
	rootObject = 551EFF3827DFECCE000783BD /* Project object */;
}
